
Microsoft Visual Studio Solution File, Format Version 12.00
# Visual Studio Version 17
VisualStudioVersion = 17.14.36301.6 d17.14
MinimumVisualStudioVersion = 10.0.40219.1
Project("{FAE04EC0-301F-11D3-BF4B-00C04F79EFBC}") = "Assignment06_oop", "ConsoleApp1\Assignment06_oop.csproj", "{C2338DD5-BA6E-42E1-84EF-13CD7C4E99FC}"
EndProject
Global
	GlobalSection(SolutionConfigurationPlatforms) = preSolution
		Debug|Any CPU = Debug|Any CPU
		Release|Any CPU = Release|Any CPU
	EndGlobalSection
	GlobalSection(ProjectConfigurationPlatforms) = postSolution
		{C2338DD5-BA6E-42E1-84EF-13CD7C4E99FC}.Debug|Any CPU.ActiveCfg = Debug|Any CPU
		{C2338DD5-BA6E-42E1-84EF-13CD7C4E99FC}.Debug|Any CPU.Build.0 = Debug|Any CPU
		{C2338DD5-BA6E-42E1-84EF-13CD7C4E99FC}.Release|Any CPU.ActiveCfg = Release|Any CPU
		{C2338DD5-BA6E-42E1-84EF-13CD7C4E99FC}.Release|Any CPU.Build.0 = Release|Any CPU
	EndGlobalSection
	GlobalSection(SolutionProperties) = preSolution
		HideSolutionNode = FALSE
	EndGlobalSection
	GlobalSection(ExtensibilityGlobals) = postSolution
		SolutionGuid = {25800448-737C-4C6F-87BF-689F494F4636}
	EndGlobalSection
EndGlobal
